
Microsoft Visual Studio Solution File, Format Version 12.00
# Visual Studio Version 16
VisualStudioVersion = 16.0.32002.261
MinimumVisualStudioVersion = 10.0.40219.1
Project("{FAE04EC0-301F-11D3-BF4B-00C04F79EFBC}") = "Dna2Rna", "Dna2Rna\Dna2Rna.csproj", "{4FB1F0C9-AE4E-418E-8658-36E8BE0F7420}"
EndProject
Project("{FAE04EC0-301F-11D3-BF4B-00C04F79EFBC}") = "TestDna2Rna", "TestDna2Rna\TestDna2Rna.csproj", "{EA32FC5B-2751-48F9-A429-D7CA0F3A2AA1}"
EndProject
Global
	GlobalSection(SolutionConfigurationPlatforms) = preSolution
		Debug|Any CPU = Debug|Any CPU
		Release|Any CPU = Release|Any CPU
	EndGlobalSection
	GlobalSection(ProjectConfigurationPlatforms) = postSolution
		{4FB1F0C9-AE4E-418E-8658-36E8BE0F7420}.Debug|Any CPU.ActiveCfg = Debug|Any CPU
		{4FB1F0C9-AE4E-418E-8658-36E8BE0F7420}.Debug|Any CPU.Build.0 = Debug|Any CPU
		{4FB1F0C9-AE4E-418E-8658-36E8BE0F7420}.Release|Any CPU.ActiveCfg = Release|Any CPU
		{4FB1F0C9-AE4E-418E-8658-36E8BE0F7420}.Release|Any CPU.Build.0 = Release|Any CPU
		{EA32FC5B-2751-48F9-A429-D7CA0F3A2AA1}.Debug|Any CPU.ActiveCfg = Debug|Any CPU
		{EA32FC5B-2751-48F9-A429-D7CA0F3A2AA1}.Debug|Any CPU.Build.0 = Debug|Any CPU
		{EA32FC5B-2751-48F9-A429-D7CA0F3A2AA1}.Release|Any CPU.ActiveCfg = Release|Any CPU
		{EA32FC5B-2751-48F9-A429-D7CA0F3A2AA1}.Release|Any CPU.Build.0 = Release|Any CPU
	EndGlobalSection
	GlobalSection(SolutionProperties) = preSolution
		HideSolutionNode = FALSE
	EndGlobalSection
	GlobalSection(ExtensibilityGlobals) = postSolution
		SolutionGuid = {822E66E0-1A20-4461-8BD2-37ABBC6813D4}
	EndGlobalSection
EndGlobal
